// !$*UTF8*$!
{
	archiveVersion = 1;
	classes = {
	};
	objectVersion = 50;
	objects = {

/* Begin PBXBuildFile section */
		2247C59025907F0400F0D7C7 /* FanMealsApp.swift in Sources */ = {isa = PBXBuildFile; fileRef = 2247C58F25907F0400F0D7C7 /* FanMealsApp.swift */; };
		2247C59225907F0400F0D7C7 /* ContentView.swift in Sources */ = {isa = PBXBuildFile; fileRef = 2247C59125907F0400F0D7C7 /* ContentView.swift */; };
		2247C59425907F0500F0D7C7 /* Assets.xcassets in Resources */ = {isa = PBXBuildFile; fileRef = 2247C59325907F0500F0D7C7 /* Assets.xcassets */; };
		2247C59725907F0500F0D7C7 /* Preview Assets.xcassets in Resources */ = {isa = PBXBuildFile; fileRef = 2247C59625907F0500F0D7C7 /* Preview Assets.xcassets */; };
		2247C5A6259093B200F0D7C7 /* AddMeals.swift in Sources */ = {isa = PBXBuildFile; fileRef = 2247C5A5259093B200F0D7C7 /* AddMeals.swift */; };
		2247C5AA259096BB00F0D7C7 /* Meal.swift in Sources */ = {isa = PBXBuildFile; fileRef = 2247C5A9259096BB00F0D7C7 /* Meal.swift */; };
		2247C5AE2590BFE400F0D7C7 /* ImagePicker.swift in Sources */ = {isa = PBXBuildFile; fileRef = 2247C5AD2590BFE400F0D7C7 /* ImagePicker.swift */; };
/* End PBXBuildFile section */

/* Begin PBXFileReference section */
		2247C58C25907F0400F0D7C7 /* FanMeals.app */ = {isa = PBXFileReference; explicitFileType = wrapper.application; includeInIndex = 0; path = FanMeals.app; sourceTree = BUILT_PRODUCTS_DIR; };
		2247C58F25907F0400F0D7C7 /* FanMealsApp.swift */ = {isa = PBXFileReference; lastKnownFileType = sourcecode.swift; path = FanMealsApp.swift; sourceTree = "<group>"; };
		2247C59125907F0400F0D7C7 /* ContentView.swift */ = {isa = PBXFileReference; lastKnownFileType = sourcecode.swift; path = ContentView.swift; sourceTree = "<group>"; };
		2247C59325907F0500F0D7C7 /* Assets.xcassets */ = {isa = PBXFileReference; lastKnownFileType = folder.assetcatalog; path = Assets.xcassets; sourceTree = "<group>"; };
		2247C59625907F0500F0D7C7 /* Preview Assets.xcassets */ = {isa = PBXFileReference; lastKnownFileType = folder.assetcatalog; path = "Preview Assets.xcassets"; sourceTree = "<group>"; };
		2247C59825907F0500F0D7C7 /* Info.plist */ = {isa = PBXFileReference; lastKnownFileType = text.plist.xml; path = Info.plist; sourceTree = "<group>"; };
		2247C5A5259093B200F0D7C7 /* AddMeals.swift */ = {isa = PBXFileReference; lastKnownFileType = sourcecode.swift; path = AddMeals.swift; sourceTree = "<group>"; };
		2247C5A9259096BB00F0D7C7 /* Meal.swift */ = {isa = PBXFileReference; lastKnownFileType = sourcecode.swift; path = Meal.swift; sourceTree = "<group>"; };
		2247C5AD2590BFE400F0D7C7 /* ImagePicker.swift */ = {isa = PBXFileReference; lastKnownFileType = sourcecode.swift; path = ImagePicker.swift; sourceTree = "<group>"; };
/* End PBXFileReference section */

/* Begin PBXFrameworksBuildPhase section */
		2247C58925907F0400F0D7C7 /* Frameworks */ = {
			isa = PBXFrameworksBuildPhase;
			buildActionMask = 2147483647;
			files = (
			);
			runOnlyForDeploymentPostprocessing = 0;
		};
/* End PBXFrameworksBuildPhase section */

/* Begin PBXGroup section */
		2247C58325907F0400F0D7C7 = {
			isa = PBXGroup;
			children = (
				2247C58E25907F0400F0D7C7 /* FanMeals */,
				2247C58D25907F0400F0D7C7 /* Products */,
			);
			sourceTree = "<group>";
		};
		2247C58D25907F0400F0D7C7 /* Products */ = {
			isa = PBXGroup;
			children = (
				2247C58C25907F0400F0D7C7 /* FanMeals.app */,
			);
			name = Products;
			sourceTree = "<group>";
		};
		2247C58E25907F0400F0D7C7 /* FanMeals */ = {
			isa = PBXGroup;
			children = (
				2247C58F25907F0400F0D7C7 /* FanMealsApp.swift */,
				2247C59125907F0400F0D7C7 /* ContentView.swift */,
				2247C5A5259093B200F0D7C7 /* AddMeals.swift */,
				2247C5AD2590BFE400F0D7C7 /* ImagePicker.swift */,
				2247C5A9259096BB00F0D7C7 /* Meal.swift */,
				2247C59325907F0500F0D7C7 /* Assets.xcassets */,
				2247C59825907F0500F0D7C7 /* Info.plist */,
				2247C59525907F0500F0D7C7 /* Preview Content */,
			);
			path = FanMeals;
			sourceTree = "<group>";
		};
		2247C59525907F0500F0D7C7 /* Preview Content */ = {
			isa = PBXGroup;
			children = (
				2247C59625907F0500F0D7C7 /* Preview Assets.xcassets */,
			);
			path = "Preview Content";
			sourceTree = "<group>";
		};
/* End PBXGroup section */

/* Begin PBXNativeTarget section */
		2247C58B25907F0400F0D7C7 /* FanMeals */ = {
			isa = PBXNativeTarget;
			buildConfigurationList = 2247C59B25907F0500F0D7C7 /* Build configuration list for PBXNativeTarget "FanMeals" */;
			buildPhases = (
				2247C58825907F0400F0D7C7 /* Sources */,
				2247C58925907F0400F0D7C7 /* Frameworks */,
				2247C58A25907F0400F0D7C7 /* Resources */,
			);
			buildRules = (
			);
			dependencies = (
			);
			name = FanMeals;
			productName = FanMeals;
			productReference = 2247C58C25907F0400F0D7C7 /* FanMeals.app */;
			productType = "com.apple.product-type.application";
		};
/* End PBXNativeTarget section */

/* Begin PBXProject section */
		2247C58425907F0400F0D7C7 /* Project object */ = {
			isa = PBXProject;
			attributes = {
				LastSwiftUpdateCheck = 1230;
				LastUpgradeCheck = 1230;
				TargetAttributes = {
					2247C58B25907F0400F0D7C7 = {
						CreatedOnToolsVersion = 12.3;
					};
				};
			};
			buildConfigurationList = 2247C58725907F0400F0D7C7 /* Build configuration list for PBXProject "FanMeals" */;
			compatibilityVersion = "Xcode 9.3";
			developmentRegion = en;
			hasScannedForEncodings = 0;
			knownRegions = (
				en,
				Base,
			);
			mainGroup = 2247C58325907F0400F0D7C7;
			productRefGroup = 2247C58D25907F0400F0D7C7 /* Products */;
			projectDirPath = "";
			projectRoot = "";
			targets = (
				2247C58B25907F0400F0D7C7 /* FanMeals */,
			);
		};
/* End PBXProject section */

/* Begin PBXResourcesBuildPhase section */
		2247C58A25907F0400F0D7C7 /* Resources */ = {
			isa = PBXResourcesBuildPhase;
			buildActionMask = 2147483647;
			files = (
				2247C59725907F0500F0D7C7 /* Preview Assets.xcassets in Resources */,
				2247C59425907F0500F0D7C7 /* Assets.xcassets in Resources */,
			);
			runOnlyForDeploymentPostprocessing = 0;
		};
/* End PBXResourcesBuildPhase section */

/* Begin PBXSourcesBuildPhase section */
		2247C58825907F0400F0D7C7 /* Sources */ = {
			isa = PBXSourcesBuildPhase;
			buildActionMask = 2147483647;
			files = (
				2247C5AA259096BB00F0D7C7 /* Meal.swift in Sources */,
				2247C5A6259093B200F0D7C7 /* AddMeals.swift in Sources */,
				2247C5AE2590BFE400F0D7C7 /* ImagePicker.swift in Sources */,
				2247C59225907F0400F0D7C7 /* ContentView.swift in Sources */,
				2247C59025907F0400F0D7C7 /* FanMealsApp.swift in Sources */,
			);
			runOnlyForDeploymentPostprocessing = 0;
		};
/* End PBXSourcesBuildPhase section */

/* Begin XCBuildConfiguration section */
		2247C59925907F0500F0D7C7 /* Debug */ = {
			isa = XCBuildConfiguration;
			buildSettings = {
				ALWAYS_SEARCH_USER_PATHS = NO;
				CLANG_ANALYZER_NONNULL = YES;
				CLANG_ANALYZER_NUMBER_OBJECT_CONVERSION = YES_AGGRESSIVE;
				CLANG_CXX_LANGUAGE_STANDARD = "gnu++14";
				CLANG_CXX_LIBRARY = "libc++";
				CLANG_ENABLE_MODULES = YES;
				CLANG_ENABLE_OBJC_ARC = YES;
				CLANG_ENABLE_OBJC_WEAK = YES;
				CLANG_WARN_BLOCK_CAPTURE_AUTORELEASING = YES;
				CLANG_WARN_BOOL_CONVERSION = YES;
				CLANG_WARN_COMMA = YES;
				CLANG_WARN_CONSTANT_CONVERSION = YES;
				CLANG_WARN_DEPRECATED_OBJC_IMPLEMENTATIONS = YES;
				CLANG_WARN_DIRECT_OBJC_ISA_USAGE = YES_ERROR;
				CLANG_WARN_DOCUMENTATION_COMMENTS = YES;
				CLANG_WARN_EMPTY_BODY = YES;
				CLANG_WARN_ENUM_CONVERSION = YES;
				CLANG_WARN_INFINITE_RECURSION = YES;
				CLANG_WARN_INT_CONVERSION = YES;
				CLANG_WARN_NON_LITERAL_NULL_CONVERSION = YES;
				CLANG_WARN_OBJC_IMPLICIT_RETAIN_SELF = YES;
				CLANG_WARN_OBJC_LITERAL_CONVERSION = YES;
				CLANG_WARN_OBJC_ROOT_CLASS = YES_ERROR;
				CLANG_WARN_QUOTED_INCLUDE_IN_FRAMEWORK_HEADER = YES;
				CLANG_WARN_RANGE_LOOP_ANALYSIS = YES;
				CLANG_WARN_STRICT_PROTOTYPES = YES;
				CLANG_WARN_SUSPICIOUS_MOVE = YES;
				CLANG_WARN_UNGUARDED_AVAILABILITY = YES_AGGRESSIVE;
				CLANG_WARN_UNREACHABLE_CODE = YES;
				CLANG_WARN__DUPLICATE_METHOD_MATCH = YES;
				COPY_PHASE_STRIP = NO;
				DEBUG_INFORMATION_FORMAT = dwarf;
				ENABLE_STRICT_OBJC_MSGSEND = YES;
				ENABLE_TESTABILITY = YES;
				GCC_C_LANGUAGE_STANDARD = gnu11;
				GCC_DYNAMIC_NO_PIC = NO;
				GCC_NO_COMMON_BLOCKS = YES;
				GCC_OPTIMIZATION_LEVEL = 0;
				GCC_PREPROCESSOR_DEFINITIONS = (
					"DEBUG=1",
					"$(inherited)",
				);
				GCC_WARN_64_TO_32_BIT_CONVERSION = YES;
				GCC_WARN_ABOUT_RETURN_TYPE = YES_ERROR;
				GCC_WARN_UNDECLARED_SELECTOR = YES;
				GCC_WARN_UNINITIALIZED_AUTOS = YES_AGGRESSIVE;
				GCC_WARN_UNUSED_FUNCTION = YES;
				GCC_WARN_UNUSED_VARIABLE = YES;
				IPHONEOS_DEPLOYMENT_TARGET = 14.3;
				MTL_ENABLE_DEBUG_INFO = INCLUDE_SOURCE;
				MTL_FAST_MATH = YES;
				ONLY_ACTIVE_ARCH = YES;
				SDKROOT = iphoneos;
				SWIFT_ACTIVE_COMPILATION_CONDITIONS = DEBUG;
				SWIFT_OPTIMIZATION_LEVEL = "-Onone";
			};
			name = Debug;
		};
		2247C59A25907F0500F0D7C7 /* Release */ = {
			isa = XCBuildConfiguration;
			buildSettings = {
				ALWAYS_SEARCH_USER_PATHS = NO;
				CLANG_ANALYZER_NONNULL = YES;
				CLANG_ANALYZER_NUMBER_OBJECT_CONVERSION = YES_AGGRESSIVE;
				CLANG_CXX_LANGUAGE_STANDARD = "gnu++14";
				CLANG_CXX_LIBRARY = "libc++";
				CLANG_ENABLE_MODULES = YES;
				CLANG_ENABLE_OBJC_ARC = YES;
				CLANG_ENABLE_OBJC_WEAK = YES;
				CLANG_WARN_BLOCK_CAPTURE_AUTORELEASING = YES;
				CLANG_WARN_BOOL_CONVERSION = YES;
				CLANG_WARN_COMMA = YES;
				CLANG_WARN_CONSTANT_CONVERSION = YES;
				CLANG_WARN_DEPRECATED_OBJC_IMPLEMENTATIONS = YES;
				CLANG_WARN_DIRECT_OBJC_ISA_USAGE = YES_ERROR;
				CLANG_WARN_DOCUMENTATION_COMMENTS = YES;
				CLANG_WARN_EMPTY_BODY = YES;
				CLANG_WARN_ENUM_CONVERSION = YES;
				CLANG_WARN_INFINITE_RECURSION = YES;
				CLANG_WARN_INT_CONVERSION = YES;
				CLANG_WARN_NON_LITERAL_NULL_CONVERSION = YES;
				CLANG_WARN_OBJC_IMPLICIT_RETAIN_SELF = YES;
				CLANG_WARN_OBJC_LITERAL_CONVERSION = YES;
				CLANG_WARN_OBJC_ROOT_CLASS = YES_ERROR;
				CLANG_WARN_QUOTED_INCLUDE_IN_FRAMEWORK_HEADER = YES;
				CLANG_WARN_RANGE_LOOP_ANALYSIS = YES;
				CLANG_WARN_STRICT_PROTOTYPES = YES;
				CLANG_WARN_SUSPICIOUS_MOVE = YES;
				CLANG_WARN_UNGUARDED_AVAILABILITY = YES_AGGRESSIVE;
				CLANG_WARN_UNREACHABLE_CODE = YES;
				CLANG_WARN__DUPLICATE_METHOD_MATCH = YES;
				COPY_PHASE_STRIP = NO;
				DEBUG_INFORMATION_FORMAT = "dwarf-with-dsym";
				ENABLE_NS_ASSERTIONS = NO;
				ENABLE_STRICT_OBJC_MSGSEND = YES;
				GCC_C_LANGUAGE_STANDARD = gnu11;
				GCC_NO_COMMON_BLOCKS = YES;
				GCC_WARN_64_TO_32_BIT_CONVERSION = YES;
				GCC_WARN_ABOUT_RETURN_TYPE = YES_ERROR;
				GCC_WARN_UNDECLARED_SELECTOR = YES;
				GCC_WARN_UNINITIALIZED_AUTOS = YES_AGGRESSIVE;
				GCC_WARN_UNUSED_FUNCTION = YES;
				GCC_WARN_UNUSED_VARIABLE = YES;
				IPHONEOS_DEPLOYMENT_TARGET = 14.3;
				MTL_ENABLE_DEBUG_INFO = NO;
				MTL_FAST_MATH = YES;
				SDKROOT = iphoneos;
				SWIFT_COMPILATION_MODE = wholemodule;
				SWIFT_OPTIMIZATION_LEVEL = "-O";
				VALIDATE_PRODUCT = YES;
			};
			name = Release;
		};
		2247C59C25907F0500F0D7C7 /* Debug */ = {
			isa = XCBuildConfiguration;
			buildSettings = {
				ASSETCATALOG_COMPILER_APPICON_NAME = AppIcon;
				ASSETCATALOG_COMPILER_GLOBAL_ACCENT_COLOR_NAME = AccentColor;
				CODE_SIGN_STYLE = Automatic;
				DEVELOPMENT_ASSET_PATHS = "\"FanMeals/Preview Content\"";
				DEVELOPMENT_TEAM = R8LKHVDLVM;
				ENABLE_PREVIEWS = YES;
				INFOPLIST_FILE = FanMeals/Info.plist;
				IPHONEOS_DEPLOYMENT_TARGET = 14.0;
				LD_RUNPATH_SEARCH_PATHS = (
					"$(inherited)",
					"@executable_path/Frameworks",
				);
				PRODUCT_BUNDLE_IDENTIFIER = com.subha.FanMeals;
				PRODUCT_NAME = "$(TARGET_NAME)";
				SWIFT_VERSION = 5.0;
				TARGETED_DEVICE_FAMILY = "1,2";
			};
			name = Debug;
		};
		2247C59D25907F0500F0D7C7 /* Release */ = {
			isa = XCBuildConfiguration;
			buildSettings = {
				ASSETCATALOG_COMPILER_APPICON_NAME = AppIcon;
				ASSETCATALOG_COMPILER_GLOBAL_ACCENT_COLOR_NAME = AccentColor;
				CODE_SIGN_STYLE = Automatic;
				DEVELOPMENT_ASSET_PATHS = "\"FanMeals/Preview Content\"";
				DEVELOPMENT_TEAM = R8LKHVDLVM;
				ENABLE_PREVIEWS = YES;
				INFOPLIST_FILE = FanMeals/Info.plist;
				IPHONEOS_DEPLOYMENT_TARGET = 14.0;
				LD_RUNPATH_SEARCH_PATHS = (
					"$(inherited)",
					"@executable_path/Frameworks",
				);
				PRODUCT_BUNDLE_IDENTIFIER = com.subha.FanMeals;
				PRODUCT_NAME = "$(TARGET_NAME)";
				SWIFT_VERSION = 5.0;
				TARGETED_DEVICE_FAMILY = "1,2";
			};
			name = Release;
		};
/* End XCBuildConfiguration section */

/* Begin XCConfigurationList section */
		2247C58725907F0400F0D7C7 /* Build configuration list for PBXProject "FanMeals" */ = {
			isa = XCConfigurationList;
			buildConfigurations = (
				2247C59925907F0500F0D7C7 /* Debug */,
				2247C59A25907F0500F0D7C7 /* Release */,
			);
			defaultConfigurationIsVisible = 0;
			defaultConfigurationName = Release;
		};
		2247C59B25907F0500F0D7C7 /* Build configuration list for PBXNativeTarget "FanMeals" */ = {
			isa = XCConfigurationList;
			buildConfigurations = (
				2247C59C25907F0500F0D7C7 /* Debug */,
				2247C59D25907F0500F0D7C7 /* Release */,
			);
			defaultConfigurationIsVisible = 0;
			defaultConfigurationName = Release;
		};
/* End XCConfigurationList section */
	};
	rootObject = 2247C58425907F0400F0D7C7 /* Project object */;
}
